
Microsoft Visual Studio Solution File, Format Version 12.00
# Visual Studio Version 16
VisualStudioVersion = 16.0.30309.148
MinimumVisualStudioVersion = 10.0.40219.1
Project("{9A19103F-16F7-4668-BE54-9A1E7A4F7556}") = "CSharp.DS.Core", "CSharp.DS.Core\CSharp.DS.Core.csproj", "{FE793630-6F11-4FCB-BB8B-D7E4C3B4EAC7}"
EndProject
Global
	GlobalSection(SolutionConfigurationPlatforms) = preSolution
		Debug|Any CPU = Debug|Any CPU
		Release|Any CPU = Release|Any CPU
	EndGlobalSection
	GlobalSection(ProjectConfigurationPlatforms) = postSolution
		{FE793630-6F11-4FCB-BB8B-D7E4C3B4EAC7}.Debug|Any CPU.ActiveCfg = Debug|Any CPU
		{FE793630-6F11-4FCB-BB8B-D7E4C3B4EAC7}.Debug|Any CPU.Build.0 = Debug|Any CPU
		{FE793630-6F11-4FCB-BB8B-D7E4C3B4EAC7}.Release|Any CPU.ActiveCfg = Release|Any CPU
		{FE793630-6F11-4FCB-BB8B-D7E4C3B4EAC7}.Release|Any CPU.Build.0 = Release|Any CPU
	EndGlobalSection
	GlobalSection(SolutionProperties) = preSolution
		HideSolutionNode = FALSE
	EndGlobalSection
	GlobalSection(ExtensibilityGlobals) = postSolution
		SolutionGuid = {C71BA8BE-3C28-482F-9289-C25B66803D98}
	EndGlobalSection
EndGlobal
